// !$*UTF8*$!
{
	archiveVersion = 1;
	classes = {
	};
	objectVersion = 90;
	objects = {

/* Begin PBXBuildFile section */
		978EC1822F01A3BB00E2D3CE /* StripePaymentSheet in Frameworks */ = {isa = PBXBuildFile; productRef = 978EC1812F01A3BB00E2D3CE /* StripePaymentSheet */; };
		F001000001 /* BeautyHQApp.swift in Sources */ = {isa = PBXBuildFile; fileRef = F002000001 /* BeautyHQApp.swift */; };
		F001000002 /* Config.swift in Sources */ = {isa = PBXBuildFile; fileRef = F002000002 /* Config.swift */; };
		F001000003 /* ContentView.swift in Sources */ = {isa = PBXBuildFile; fileRef = F002000003 /* ContentView.swift */; };
		F001000004 /* Appointment.swift in Sources */ = {isa = PBXBuildFile; fileRef = F002000004 /* Appointment.swift */; };
		F001000005 /* Business.swift in Sources */ = {isa = PBXBuildFile; fileRef = F002000005 /* Business.swift */; };
		F001000006 /* Client.swift in Sources */ = {isa = PBXBuildFile; fileRef = F002000006 /* Client.swift */; };
		F001000007 /* Dashboard.swift in Sources */ = {isa = PBXBuildFile; fileRef = F002000007 /* Dashboard.swift */; };
		F001000008 /* Service.swift in Sources */ = {isa = PBXBuildFile; fileRef = F002000008 /* Service.swift */; };
		F001000009 /* Staff.swift in Sources */ = {isa = PBXBuildFile; fileRef = F002000009 /* Staff.swift */; };
		F001000010 /* Transaction.swift in Sources */ = {isa = PBXBuildFile; fileRef = F002000010 /* Transaction.swift */; };
		F001000011 /* User.swift in Sources */ = {isa = PBXBuildFile; fileRef = F002000011 /* User.swift */; };
		F001000012 /* APIClient.swift in Sources */ = {isa = PBXBuildFile; fileRef = F002000012 /* APIClient.swift */; };
		F001000013 /* AppointmentService.swift in Sources */ = {isa = PBXBuildFile; fileRef = F002000013 /* AppointmentService.swift */; };
		F001000014 /* AuthManager.swift in Sources */ = {isa = PBXBuildFile; fileRef = F002000014 /* AuthManager.swift */; };
		F001000015 /* ClientService.swift in Sources */ = {isa = PBXBuildFile; fileRef = F002000015 /* ClientService.swift */; };
		F001000016 /* DashboardService.swift in Sources */ = {isa = PBXBuildFile; fileRef = F002000016 /* DashboardService.swift */; };
		F001000017 /* ServiceService.swift in Sources */ = {isa = PBXBuildFile; fileRef = F002000017 /* ServiceService.swift */; };
		F001000018 /* StaffService.swift in Sources */ = {isa = PBXBuildFile; fileRef = F002000018 /* StaffService.swift */; };
		F001000019 /* TransactionService.swift in Sources */ = {isa = PBXBuildFile; fileRef = F002000019 /* TransactionService.swift */; };
		F001000020 /* NotificationManager.swift in Sources */ = {isa = PBXBuildFile; fileRef = F002000020 /* NotificationManager.swift */; };
		F001000021 /* AppointmentsViewModel.swift in Sources */ = {isa = PBXBuildFile; fileRef = F002000021 /* AppointmentsViewModel.swift */; };
		F001000022 /* ClientsViewModel.swift in Sources */ = {isa = PBXBuildFile; fileRef = F002000022 /* ClientsViewModel.swift */; };
		F001000023 /* DashboardViewModel.swift in Sources */ = {isa = PBXBuildFile; fileRef = F002000023 /* DashboardViewModel.swift */; };
		F001000024 /* POSViewModel.swift in Sources */ = {isa = PBXBuildFile; fileRef = F002000024 /* POSViewModel.swift */; };
		F001000025 /* AppointmentDetailView.swift in Sources */ = {isa = PBXBuildFile; fileRef = F002000025 /* AppointmentDetailView.swift */; };
		F001000026 /* AppointmentsView.swift in Sources */ = {isa = PBXBuildFile; fileRef = F002000026 /* AppointmentsView.swift */; };
		F001000027 /* ForgotPasswordView.swift in Sources */ = {isa = PBXBuildFile; fileRef = F002000027 /* ForgotPasswordView.swift */; };
		F001000028 /* LoginView.swift in Sources */ = {isa = PBXBuildFile; fileRef = F002000028 /* LoginView.swift */; };
		F001000029 /* RegisterView.swift in Sources */ = {isa = PBXBuildFile; fileRef = F002000029 /* RegisterView.swift */; };
		F001000030 /* ClientDetailView.swift in Sources */ = {isa = PBXBuildFile; fileRef = F002000030 /* ClientDetailView.swift */; };
		F001000031 /* ClientsView.swift in Sources */ = {isa = PBXBuildFile; fileRef = F002000031 /* ClientsView.swift */; };
		F001000032 /* CustomTextField.swift in Sources */ = {isa = PBXBuildFile; fileRef = F002000032 /* CustomTextField.swift */; };
		F001000033 /* DashboardView.swift in Sources */ = {isa = PBXBuildFile; fileRef = F002000033 /* DashboardView.swift */; };
		F001000034 /* POSView.swift in Sources */ = {isa = PBXBuildFile; fileRef = F002000034 /* POSView.swift */; };
		F001000035 /* SettingsView.swift in Sources */ = {isa = PBXBuildFile; fileRef = F002000035 /* SettingsView.swift */; };
		F001000036 /* Assets.xcassets in Resources */ = {isa = PBXBuildFile; fileRef = F002000036 /* Assets.xcassets */; };
		F001000037 /* SocialAuthManager.swift in Sources */ = {isa = PBXBuildFile; fileRef = F002000037 /* SocialAuthManager.swift */; };
		F001000040 /* CalendarView.swift in Sources */ = {isa = PBXBuildFile; fileRef = F002000040 /* CalendarView.swift */; };
		F001000041 /* ServicesView.swift in Sources */ = {isa = PBXBuildFile; fileRef = F002000041 /* ServicesView.swift */; };
		F001000042 /* StaffView.swift in Sources */ = {isa = PBXBuildFile; fileRef = F002000042 /* StaffView.swift */; };
		F001000043 /* ProductsView.swift in Sources */ = {isa = PBXBuildFile; fileRef = F002000043 /* ProductsView.swift */; };
		F001000044 /* LoyaltyView.swift in Sources */ = {isa = PBXBuildFile; fileRef = F002000044 /* LoyaltyView.swift */; };
		F001000045 /* GiftCardsView.swift in Sources */ = {isa = PBXBuildFile; fileRef = F002000045 /* GiftCardsView.swift */; };
		F001000046 /* BillingView.swift in Sources */ = {isa = PBXBuildFile; fileRef = F002000046 /* BillingView.swift */; };
		F001000047 /* MarketingView.swift in Sources */ = {isa = PBXBuildFile; fileRef = F002000047 /* MarketingView.swift */; };
		F001000048 /* ReviewsView.swift in Sources */ = {isa = PBXBuildFile; fileRef = F002000048 /* ReviewsView.swift */; };
		F001000049 /* ReportsView.swift in Sources */ = {isa = PBXBuildFile; fileRef = F002000049 /* ReportsView.swift */; };
		F001000050 /* MarketplaceLeadsView.swift in Sources */ = {isa = PBXBuildFile; fileRef = F002000050 /* MarketplaceLeadsView.swift */; };
		F001000051 /* AIFeaturesView.swift in Sources */ = {isa = PBXBuildFile; fileRef = F002000051 /* AIFeaturesView.swift */; };
		F001000052 /* SalesCRMView.swift in Sources */ = {isa = PBXBuildFile; fileRef = F002000052 /* SalesCRMView.swift */; };
		F001000053 /* MarketplaceView.swift in Sources */ = {isa = PBXBuildFile; fileRef = F002000053 /* MarketplaceView.swift */; };
		F001000054 /* MoreView.swift in Sources */ = {isa = PBXBuildFile; fileRef = F002000054 /* MoreView.swift */; };
		F001000055 /* SubscriptionsView.swift in Sources */ = {isa = PBXBuildFile; fileRef = F002000055 /* SubscriptionsView.swift */; };
		F001000056 /* Theme.swift in Sources */ = {isa = PBXBuildFile; fileRef = F002000056 /* Theme.swift */; };
		F001000057 /* AppComponents.swift in Sources */ = {isa = PBXBuildFile; fileRef = F002000057 /* AppComponents.swift */; };
		F001000058 /* AddForms.swift in Sources */ = {isa = PBXBuildFile; fileRef = F002000058 /* AddForms.swift */; };
		F001000059 /* AppleSignInManager.swift in Sources */ = {isa = PBXBuildFile; fileRef = F002000059 /* AppleSignInManager.swift */; };
		F001000060 /* StripeManager.swift in Sources */ = {isa = PBXBuildFile; fileRef = F002000060 /* StripeManager.swift */; };
/* End PBXBuildFile section */

/* Begin PBXFileReference section */
		F002000000 /* BeautyHQ.app */ = {isa = PBXFileReference; explicitFileType = wrapper.application; includeInIndex = 0; path = BeautyHQ.app; sourceTree = BUILT_PRODUCTS_DIR; };
		F002000001 /* BeautyHQApp.swift */ = {isa = PBXFileReference; lastKnownFileType = sourcecode.swift; path = BeautyHQApp.swift; sourceTree = "<group>"; };
		F002000002 /* Config.swift */ = {isa = PBXFileReference; lastKnownFileType = sourcecode.swift; path = Config.swift; sourceTree = "<group>"; };
		F002000003 /* ContentView.swift */ = {isa = PBXFileReference; lastKnownFileType = sourcecode.swift; path = ContentView.swift; sourceTree = "<group>"; };
		F002000004 /* Appointment.swift */ = {isa = PBXFileReference; lastKnownFileType = sourcecode.swift; path = Appointment.swift; sourceTree = "<group>"; };
		F002000005 /* Business.swift */ = {isa = PBXFileReference; lastKnownFileType = sourcecode.swift; path = Business.swift; sourceTree = "<group>"; };
		F002000006 /* Client.swift */ = {isa = PBXFileReference; lastKnownFileType = sourcecode.swift; path = Client.swift; sourceTree = "<group>"; };
		F002000007 /* Dashboard.swift */ = {isa = PBXFileReference; lastKnownFileType = sourcecode.swift; path = Dashboard.swift; sourceTree = "<group>"; };
		F002000008 /* Service.swift */ = {isa = PBXFileReference; lastKnownFileType = sourcecode.swift; path = Service.swift; sourceTree = "<group>"; };
		F002000009 /* Staff.swift */ = {isa = PBXFileReference; lastKnownFileType = sourcecode.swift; path = Staff.swift; sourceTree = "<group>"; };
		F002000010 /* Transaction.swift */ = {isa = PBXFileReference; lastKnownFileType = sourcecode.swift; path = Transaction.swift; sourceTree = "<group>"; };
		F002000011 /* User.swift */ = {isa = PBXFileReference; lastKnownFileType = sourcecode.swift; path = User.swift; sourceTree = "<group>"; };
		F002000012 /* APIClient.swift */ = {isa = PBXFileReference; lastKnownFileType = sourcecode.swift; path = APIClient.swift; sourceTree = "<group>"; };
		F002000013 /* AppointmentService.swift */ = {isa = PBXFileReference; lastKnownFileType = sourcecode.swift; path = AppointmentService.swift; sourceTree = "<group>"; };
		F002000014 /* AuthManager.swift */ = {isa = PBXFileReference; lastKnownFileType = sourcecode.swift; path = AuthManager.swift; sourceTree = "<group>"; };
		F002000015 /* ClientService.swift */ = {isa = PBXFileReference; lastKnownFileType = sourcecode.swift; path = ClientService.swift; sourceTree = "<group>"; };
		F002000016 /* DashboardService.swift */ = {isa = PBXFileReference; lastKnownFileType = sourcecode.swift; path = DashboardService.swift; sourceTree = "<group>"; };
		F002000017 /* ServiceService.swift */ = {isa = PBXFileReference; lastKnownFileType = sourcecode.swift; path = ServiceService.swift; sourceTree = "<group>"; };
		F002000018 /* StaffService.swift */ = {isa = PBXFileReference; lastKnownFileType = sourcecode.swift; path = StaffService.swift; sourceTree = "<group>"; };
		F002000019 /* TransactionService.swift */ = {isa = PBXFileReference; lastKnownFileType = sourcecode.swift; path = TransactionService.swift; sourceTree = "<group>"; };
		F002000020 /* NotificationManager.swift */ = {isa = PBXFileReference; lastKnownFileType = sourcecode.swift; path = NotificationManager.swift; sourceTree = "<group>"; };
		F002000021 /* AppointmentsViewModel.swift */ = {isa = PBXFileReference; lastKnownFileType = sourcecode.swift; path = AppointmentsViewModel.swift; sourceTree = "<group>"; };
		F002000022 /* ClientsViewModel.swift */ = {isa = PBXFileReference; lastKnownFileType = sourcecode.swift; path = ClientsViewModel.swift; sourceTree = "<group>"; };
		F002000023 /* DashboardViewModel.swift */ = {isa = PBXFileReference; lastKnownFileType = sourcecode.swift; path = DashboardViewModel.swift; sourceTree = "<group>"; };
		F002000024 /* POSViewModel.swift */ = {isa = PBXFileReference; lastKnownFileType = sourcecode.swift; path = POSViewModel.swift; sourceTree = "<group>"; };
		F002000025 /* AppointmentDetailView.swift */ = {isa = PBXFileReference; lastKnownFileType = sourcecode.swift; path = AppointmentDetailView.swift; sourceTree = "<group>"; };
		F002000026 /* AppointmentsView.swift */ = {isa = PBXFileReference; lastKnownFileType = sourcecode.swift; path = AppointmentsView.swift; sourceTree = "<group>"; };
		F002000027 /* ForgotPasswordView.swift */ = {isa = PBXFileReference; lastKnownFileType = sourcecode.swift; path = ForgotPasswordView.swift; sourceTree = "<group>"; };
		F002000028 /* LoginView.swift */ = {isa = PBXFileReference; lastKnownFileType = sourcecode.swift; path = LoginView.swift; sourceTree = "<group>"; };
		F002000029 /* RegisterView.swift */ = {isa = PBXFileReference; lastKnownFileType = sourcecode.swift; path = RegisterView.swift; sourceTree = "<group>"; };
		F002000030 /* ClientDetailView.swift */ = {isa = PBXFileReference; lastKnownFileType = sourcecode.swift; path = ClientDetailView.swift; sourceTree = "<group>"; };
		F002000031 /* ClientsView.swift */ = {isa = PBXFileReference; lastKnownFileType = sourcecode.swift; path = ClientsView.swift; sourceTree = "<group>"; };
		F002000032 /* CustomTextField.swift */ = {isa = PBXFileReference; lastKnownFileType = sourcecode.swift; path = CustomTextField.swift; sourceTree = "<group>"; };
		F002000033 /* DashboardView.swift */ = {isa = PBXFileReference; lastKnownFileType = sourcecode.swift; path = DashboardView.swift; sourceTree = "<group>"; };
		F002000034 /* POSView.swift */ = {isa = PBXFileReference; lastKnownFileType = sourcecode.swift; path = POSView.swift; sourceTree = "<group>"; };
		F002000035 /* SettingsView.swift */ = {isa = PBXFileReference; lastKnownFileType = sourcecode.swift; path = SettingsView.swift; sourceTree = "<group>"; };
		F002000036 /* Assets.xcassets */ = {isa = PBXFileReference; lastKnownFileType = folder.assetcatalog; path = Assets.xcassets; sourceTree = "<group>"; };
		F002000037 /* SocialAuthManager.swift */ = {isa = PBXFileReference; lastKnownFileType = sourcecode.swift; path = SocialAuthManager.swift; sourceTree = "<group>"; };
		F002000038 /* Info.plist */ = {isa = PBXFileReference; lastKnownFileType = text.plist.xml; path = Info.plist; sourceTree = "<group>"; };
		F002000040 /* CalendarView.swift */ = {isa = PBXFileReference; lastKnownFileType = sourcecode.swift; path = CalendarView.swift; sourceTree = "<group>"; };
		F002000041 /* ServicesView.swift */ = {isa = PBXFileReference; lastKnownFileType = sourcecode.swift; path = ServicesView.swift; sourceTree = "<group>"; };
		F002000042 /* StaffView.swift */ = {isa = PBXFileReference; lastKnownFileType = sourcecode.swift; path = StaffView.swift; sourceTree = "<group>"; };
		F002000043 /* ProductsView.swift */ = {isa = PBXFileReference; lastKnownFileType = sourcecode.swift; path = ProductsView.swift; sourceTree = "<group>"; };
		F002000044 /* LoyaltyView.swift */ = {isa = PBXFileReference; lastKnownFileType = sourcecode.swift; path = LoyaltyView.swift; sourceTree = "<group>"; };
		F002000045 /* GiftCardsView.swift */ = {isa = PBXFileReference; lastKnownFileType = sourcecode.swift; path = GiftCardsView.swift; sourceTree = "<group>"; };
		F002000046 /* BillingView.swift */ = {isa = PBXFileReference; lastKnownFileType = sourcecode.swift; path = BillingView.swift; sourceTree = "<group>"; };
		F002000047 /* MarketingView.swift */ = {isa = PBXFileReference; lastKnownFileType = sourcecode.swift; path = MarketingView.swift; sourceTree = "<group>"; };
		F002000048 /* ReviewsView.swift */ = {isa = PBXFileReference; lastKnownFileType = sourcecode.swift; path = ReviewsView.swift; sourceTree = "<group>"; };
		F002000049 /* ReportsView.swift */ = {isa = PBXFileReference; lastKnownFileType = sourcecode.swift; path = ReportsView.swift; sourceTree = "<group>"; };
		F002000050 /* MarketplaceLeadsView.swift */ = {isa = PBXFileReference; lastKnownFileType = sourcecode.swift; path = MarketplaceLeadsView.swift; sourceTree = "<group>"; };
		F002000051 /* AIFeaturesView.swift */ = {isa = PBXFileReference; lastKnownFileType = sourcecode.swift; path = AIFeaturesView.swift; sourceTree = "<group>"; };
		F002000052 /* SalesCRMView.swift */ = {isa = PBXFileReference; lastKnownFileType = sourcecode.swift; path = SalesCRMView.swift; sourceTree = "<group>"; };
		F002000053 /* MarketplaceView.swift */ = {isa = PBXFileReference; lastKnownFileType = sourcecode.swift; path = MarketplaceView.swift; sourceTree = "<group>"; };
		F002000054 /* MoreView.swift */ = {isa = PBXFileReference; lastKnownFileType = sourcecode.swift; path = MoreView.swift; sourceTree = "<group>"; };
		F002000055 /* SubscriptionsView.swift */ = {isa = PBXFileReference; lastKnownFileType = sourcecode.swift; path = SubscriptionsView.swift; sourceTree = "<group>"; };
		F002000056 /* Theme.swift */ = {isa = PBXFileReference; lastKnownFileType = sourcecode.swift; path = Theme.swift; sourceTree = "<group>"; };
		F002000057 /* AppComponents.swift */ = {isa = PBXFileReference; lastKnownFileType = sourcecode.swift; path = AppComponents.swift; sourceTree = "<group>"; };
		F002000058 /* AddForms.swift */ = {isa = PBXFileReference; lastKnownFileType = sourcecode.swift; path = AddForms.swift; sourceTree = "<group>"; };
		F002000059 /* AppleSignInManager.swift */ = {isa = PBXFileReference; lastKnownFileType = sourcecode.swift; path = AppleSignInManager.swift; sourceTree = "<group>"; };
		F002000060 /* StripeManager.swift */ = {isa = PBXFileReference; lastKnownFileType = sourcecode.swift; path = StripeManager.swift; sourceTree = "<group>"; };
/* End PBXFileReference section */

/* Begin PBXFrameworksBuildPhase section */
		F003000001 /* Frameworks */ = {
			isa = PBXFrameworksBuildPhase;
			files = (
				978EC1822F01A3BB00E2D3CE /* StripePaymentSheet in Frameworks */,
			);
		};
/* End PBXFrameworksBuildPhase section */

/* Begin PBXGroup section */
		F004000001 = {
			isa = PBXGroup;
			children = (
				F004000002 /* BeautyHQ */,
				F004000003 /* Products */,
			);
			sourceTree = "<group>";
		};
		F004000002 /* BeautyHQ */ = {
			isa = PBXGroup;
			children = (
				F004000004 /* App */,
				F004000005 /* Models */,
				F004000006 /* Services */,
				F004000033 /* Theme */,
				F004000007 /* Utils */,
				F004000008 /* ViewModels */,
				F004000009 /* Views */,
				F002000036 /* Assets.xcassets */,
				F002000038 /* Info.plist */,
			);
			path = BeautyHQ;
			sourceTree = "<group>";
		};
		F004000003 /* Products */ = {
			isa = PBXGroup;
			children = (
				F002000000 /* BeautyHQ.app */,
			);
			name = Products;
			sourceTree = "<group>";
		};
		F004000004 /* App */ = {
			isa = PBXGroup;
			children = (
				F002000001 /* BeautyHQApp.swift */,
				F002000002 /* Config.swift */,
				F002000003 /* ContentView.swift */,
			);
			path = App;
			sourceTree = "<group>";
		};
		F004000005 /* Models */ = {
			isa = PBXGroup;
			children = (
				F002000004 /* Appointment.swift */,
				F002000005 /* Business.swift */,
				F002000006 /* Client.swift */,
				F002000007 /* Dashboard.swift */,
				F002000008 /* Service.swift */,
				F002000009 /* Staff.swift */,
				F002000010 /* Transaction.swift */,
				F002000011 /* User.swift */,
			);
			path = Models;
			sourceTree = "<group>";
		};
		F004000006 /* Services */ = {
			isa = PBXGroup;
			children = (
				F002000012 /* APIClient.swift */,
				F002000059 /* AppleSignInManager.swift */,
				F002000013 /* AppointmentService.swift */,
				F002000014 /* AuthManager.swift */,
				F002000015 /* ClientService.swift */,
				F002000016 /* DashboardService.swift */,
				F002000017 /* ServiceService.swift */,
				F002000037 /* SocialAuthManager.swift */,
				F002000018 /* StaffService.swift */,
				F002000060 /* StripeManager.swift */,
				F002000019 /* TransactionService.swift */,
			);
			path = Services;
			sourceTree = "<group>";
		};
		F004000007 /* Utils */ = {
			isa = PBXGroup;
			children = (
				F002000020 /* NotificationManager.swift */,
			);
			path = Utils;
			sourceTree = "<group>";
		};
		F004000008 /* ViewModels */ = {
			isa = PBXGroup;
			children = (
				F002000021 /* AppointmentsViewModel.swift */,
				F002000022 /* ClientsViewModel.swift */,
				F002000023 /* DashboardViewModel.swift */,
				F002000024 /* POSViewModel.swift */,
			);
			path = ViewModels;
			sourceTree = "<group>";
		};
		F004000009 /* Views */ = {
			isa = PBXGroup;
			children = (
				F004000010 /* Appointments */,
				F004000011 /* Auth */,
				F004000017 /* Calendar */,
				F004000012 /* Clients */,
				F004000013 /* Components */,
				F004000014 /* Dashboard */,
				F004000018 /* Services */,
				F004000019 /* Staff */,
				F004000020 /* Products */,
				F004000021 /* Loyalty */,
				F004000022 /* GiftCards */,
				F004000023 /* Billing */,
				F004000024 /* Marketing */,
				F004000025 /* Reviews */,
				F004000026 /* Reports */,
				F004000027 /* MarketplaceLeads */,
				F004000028 /* AIFeatures */,
				F004000029 /* SalesCRM */,
				F004000030 /* Marketplace */,
				F004000031 /* More */,
				F004000032 /* Subscriptions */,
				F004000015 /* POS */,
				F004000016 /* Settings */,
			);
			path = Views;
			sourceTree = "<group>";
		};
		F004000010 /* Appointments */ = {
			isa = PBXGroup;
			children = (
				F002000025 /* AppointmentDetailView.swift */,
				F002000026 /* AppointmentsView.swift */,
			);
			path = Appointments;
			sourceTree = "<group>";
		};
		F004000011 /* Auth */ = {
			isa = PBXGroup;
			children = (
				F002000027 /* ForgotPasswordView.swift */,
				F002000028 /* LoginView.swift */,
				F002000029 /* RegisterView.swift */,
			);
			path = Auth;
			sourceTree = "<group>";
		};
		F004000012 /* Clients */ = {
			isa = PBXGroup;
			children = (
				F002000030 /* ClientDetailView.swift */,
				F002000031 /* ClientsView.swift */,
			);
			path = Clients;
			sourceTree = "<group>";
		};
		F004000013 /* Components */ = {
			isa = PBXGroup;
			children = (
				F002000058 /* AddForms.swift */,
				F002000057 /* AppComponents.swift */,
				F002000032 /* CustomTextField.swift */,
			);
			path = Components;
			sourceTree = "<group>";
		};
		F004000014 /* Dashboard */ = {
			isa = PBXGroup;
			children = (
				F002000033 /* DashboardView.swift */,
			);
			path = Dashboard;
			sourceTree = "<group>";
		};
		F004000015 /* POS */ = {
			isa = PBXGroup;
			children = (
				F002000034 /* POSView.swift */,
			);
			path = POS;
			sourceTree = "<group>";
		};
		F004000016 /* Settings */ = {
			isa = PBXGroup;
			children = (
				F002000035 /* SettingsView.swift */,
			);
			path = Settings;
			sourceTree = "<group>";
		};
		F004000017 /* Calendar */ = {
			isa = PBXGroup;
			children = (
				F002000040 /* CalendarView.swift */,
			);
			path = Calendar;
			sourceTree = "<group>";
		};
		F004000018 /* Services */ = {
			isa = PBXGroup;
			children = (
				F002000041 /* ServicesView.swift */,
			);
			path = Services;
			sourceTree = "<group>";
		};
		F004000019 /* Staff */ = {
			isa = PBXGroup;
			children = (
				F002000042 /* StaffView.swift */,
			);
			path = Staff;
			sourceTree = "<group>";
		};
		F004000020 /* Products */ = {
			isa = PBXGroup;
			children = (
				F002000043 /* ProductsView.swift */,
			);
			path = Products;
			sourceTree = "<group>";
		};
		F004000021 /* Loyalty */ = {
			isa = PBXGroup;
			children = (
				F002000044 /* LoyaltyView.swift */,
			);
			path = Loyalty;
			sourceTree = "<group>";
		};
		F004000022 /* GiftCards */ = {
			isa = PBXGroup;
			children = (
				F002000045 /* GiftCardsView.swift */,
			);
			path = GiftCards;
			sourceTree = "<group>";
		};
		F004000023 /* Billing */ = {
			isa = PBXGroup;
			children = (
				F002000046 /* BillingView.swift */,
			);
			path = Billing;
			sourceTree = "<group>";
		};
		F004000024 /* Marketing */ = {
			isa = PBXGroup;
			children = (
				F002000047 /* MarketingView.swift */,
			);
			path = Marketing;
			sourceTree = "<group>";
		};
		F004000025 /* Reviews */ = {
			isa = PBXGroup;
			children = (
				F002000048 /* ReviewsView.swift */,
			);
			path = Reviews;
			sourceTree = "<group>";
		};
		F004000026 /* Reports */ = {
			isa = PBXGroup;
			children = (
				F002000049 /* ReportsView.swift */,
			);
			path = Reports;
			sourceTree = "<group>";
		};
		F004000027 /* MarketplaceLeads */ = {
			isa = PBXGroup;
			children = (
				F002000050 /* MarketplaceLeadsView.swift */,
			);
			path = MarketplaceLeads;
			sourceTree = "<group>";
		};
		F004000028 /* AIFeatures */ = {
			isa = PBXGroup;
			children = (
				F002000051 /* AIFeaturesView.swift */,
			);
			path = AIFeatures;
			sourceTree = "<group>";
		};
		F004000029 /* SalesCRM */ = {
			isa = PBXGroup;
			children = (
				F002000052 /* SalesCRMView.swift */,
			);
			path = SalesCRM;
			sourceTree = "<group>";
		};
		F004000030 /* Marketplace */ = {
			isa = PBXGroup;
			children = (
				F002000053 /* MarketplaceView.swift */,
			);
			path = Marketplace;
			sourceTree = "<group>";
		};
		F004000031 /* More */ = {
			isa = PBXGroup;
			children = (
				F002000054 /* MoreView.swift */,
			);
			path = More;
			sourceTree = "<group>";
		};
		F004000032 /* Subscriptions */ = {
			isa = PBXGroup;
			children = (
				F002000055 /* SubscriptionsView.swift */,
			);
			path = Subscriptions;
			sourceTree = "<group>";
		};
		F004000033 /* Theme */ = {
			isa = PBXGroup;
			children = (
				F002000056 /* Theme.swift */,
			);
			path = Theme;
			sourceTree = "<group>";
		};
/* End PBXGroup section */

/* Begin PBXNativeTarget section */
		F005000001 /* BeautyHQ */ = {
			isa = PBXNativeTarget;
			buildConfigurationList = F007000002 /* Build configuration list for PBXNativeTarget "BeautyHQ" */;
			buildPhases = (
				F006000001 /* Sources */,
				F003000001 /* Frameworks */,
				F006000002 /* Resources */,
			);
			buildRules = (
			);
			name = BeautyHQ;
			packageProductDependencies = (
				978EC1812F01A3BB00E2D3CE /* StripePaymentSheet */,
			);
			productName = BeautyHQ;
			productReference = F002000000 /* BeautyHQ.app */;
			productType = "com.apple.product-type.application";
		};
/* End PBXNativeTarget section */

/* Begin PBXProject section */
		F005000002 /* Project object */ = {
			isa = PBXProject;
			attributes = {
				BuildIndependentTargetsInParallel = 1;
				LastSwiftUpdateCheck = 1500;
				LastUpgradeCheck = 1500;
				TargetAttributes = {
					F005000001 = {
						CreatedOnToolsVersion = 15.0;
					};
				};
			};
			buildConfigurationList = F007000001 /* Build configuration list for PBXProject "BeautyHQ" */;
			developmentRegion = en;
			hasScannedForEncodings = 0;
			knownRegions = (
				en,
				Base,
			);
			mainGroup = F004000001;
			packageReferences = (
				978EC1802F01A3BB00E2D3CE /* XCRemoteSwiftPackageReference "stripe-ios" */,
			);
			preferredProjectObjectVersion = 90;
			productRefGroup = F004000003 /* Products */;
			projectDirPath = "";
			projectRoot = "";
			targets = (
				F005000001 /* BeautyHQ */,
			);
		};
/* End PBXProject section */

/* Begin PBXResourcesBuildPhase section */
		F006000002 /* Resources */ = {
			isa = PBXResourcesBuildPhase;
			files = (
				F001000036 /* Assets.xcassets in Resources */,
			);
		};
/* End PBXResourcesBuildPhase section */

/* Begin PBXSourcesBuildPhase section */
		F006000001 /* Sources */ = {
			isa = PBXSourcesBuildPhase;
			files = (
				F001000001 /* BeautyHQApp.swift in Sources */,
				F001000002 /* Config.swift in Sources */,
				F001000003 /* ContentView.swift in Sources */,
				F001000004 /* Appointment.swift in Sources */,
				F001000005 /* Business.swift in Sources */,
				F001000006 /* Client.swift in Sources */,
				F001000007 /* Dashboard.swift in Sources */,
				F001000008 /* Service.swift in Sources */,
				F001000009 /* Staff.swift in Sources */,
				F001000010 /* Transaction.swift in Sources */,
				F001000011 /* User.swift in Sources */,
				F001000012 /* APIClient.swift in Sources */,
				F001000013 /* AppointmentService.swift in Sources */,
				F001000014 /* AuthManager.swift in Sources */,
				F001000015 /* ClientService.swift in Sources */,
				F001000016 /* DashboardService.swift in Sources */,
				F001000017 /* ServiceService.swift in Sources */,
				F001000018 /* StaffService.swift in Sources */,
				F001000019 /* TransactionService.swift in Sources */,
				F001000020 /* NotificationManager.swift in Sources */,
				F001000037 /* SocialAuthManager.swift in Sources */,
				F001000021 /* AppointmentsViewModel.swift in Sources */,
				F001000022 /* ClientsViewModel.swift in Sources */,
				F001000023 /* DashboardViewModel.swift in Sources */,
				F001000024 /* POSViewModel.swift in Sources */,
				F001000025 /* AppointmentDetailView.swift in Sources */,
				F001000026 /* AppointmentsView.swift in Sources */,
				F001000027 /* ForgotPasswordView.swift in Sources */,
				F001000028 /* LoginView.swift in Sources */,
				F001000029 /* RegisterView.swift in Sources */,
				F001000030 /* ClientDetailView.swift in Sources */,
				F001000031 /* ClientsView.swift in Sources */,
				F001000032 /* CustomTextField.swift in Sources */,
				F001000033 /* DashboardView.swift in Sources */,
				F001000034 /* POSView.swift in Sources */,
				F001000035 /* SettingsView.swift in Sources */,
				F001000040 /* CalendarView.swift in Sources */,
				F001000041 /* ServicesView.swift in Sources */,
				F001000042 /* StaffView.swift in Sources */,
				F001000043 /* ProductsView.swift in Sources */,
				F001000044 /* LoyaltyView.swift in Sources */,
				F001000045 /* GiftCardsView.swift in Sources */,
				F001000046 /* BillingView.swift in Sources */,
				F001000047 /* MarketingView.swift in Sources */,
				F001000048 /* ReviewsView.swift in Sources */,
				F001000049 /* ReportsView.swift in Sources */,
				F001000050 /* MarketplaceLeadsView.swift in Sources */,
				F001000051 /* AIFeaturesView.swift in Sources */,
				F001000052 /* SalesCRMView.swift in Sources */,
				F001000053 /* MarketplaceView.swift in Sources */,
				F001000054 /* MoreView.swift in Sources */,
				F001000055 /* SubscriptionsView.swift in Sources */,
				F001000056 /* Theme.swift in Sources */,
				F001000057 /* AppComponents.swift in Sources */,
				F001000058 /* AddForms.swift in Sources */,
				F001000059 /* AppleSignInManager.swift in Sources */,
				F001000060 /* StripeManager.swift in Sources */,
			);
		};
/* End PBXSourcesBuildPhase section */

/* Begin XCBuildConfiguration section */
		F008000001 /* Debug configuration for PBXProject "BeautyHQ" */ = {
			isa = XCBuildConfiguration;
			buildSettings = {
				ALWAYS_SEARCH_USER_PATHS = NO;
				ASSETCATALOG_COMPILER_GENERATE_SWIFT_ASSET_SYMBOL_EXTENSIONS = YES;
				CLANG_ANALYZER_NONNULL = YES;
				CLANG_ANALYZER_NUMBER_OBJECT_CONVERSION = YES_AGGRESSIVE;
				CLANG_CXX_LANGUAGE_STANDARD = "gnu++20";
				CLANG_ENABLE_MODULES = YES;
				CLANG_ENABLE_OBJC_ARC = YES;
				CLANG_ENABLE_OBJC_WEAK = YES;
				CLANG_WARN_BLOCK_CAPTURE_AUTORELEASING = YES;
				CLANG_WARN_BOOL_CONVERSION = YES;
				CLANG_WARN_COMMA = YES;
				CLANG_WARN_CONSTANT_CONVERSION = YES;
				CLANG_WARN_DEPRECATED_OBJC_IMPLEMENTATIONS = YES;
				CLANG_WARN_DIRECT_OBJC_ISA_USAGE = YES_ERROR;
				CLANG_WARN_DOCUMENTATION_COMMENTS = YES;
				CLANG_WARN_EMPTY_BODY = YES;
				CLANG_WARN_ENUM_CONVERSION = YES;
				CLANG_WARN_INFINITE_RECURSION = YES;
				CLANG_WARN_INT_CONVERSION = YES;
				CLANG_WARN_NON_LITERAL_NULL_CONVERSION = YES;
				CLANG_WARN_OBJC_IMPLICIT_RETAIN_SELF = YES;
				CLANG_WARN_OBJC_LITERAL_CONVERSION = YES;
				CLANG_WARN_OBJC_ROOT_CLASS = YES_ERROR;
				CLANG_WARN_QUOTED_INCLUDE_IN_FRAMEWORK_HEADER = YES;
				CLANG_WARN_RANGE_LOOP_ANALYSIS = YES;
				CLANG_WARN_STRICT_PROTOTYPES = YES;
				CLANG_WARN_SUSPICIOUS_MOVE = YES;
				CLANG_WARN_UNGUARDED_AVAILABILITY = YES_AGGRESSIVE;
				CLANG_WARN_UNREACHABLE_CODE = YES;
				CLANG_WARN__DUPLICATE_METHOD_MATCH = YES;
				COPY_PHASE_STRIP = NO;
				DEBUG_INFORMATION_FORMAT = dwarf;
				ENABLE_STRICT_OBJC_MSGSEND = YES;
				ENABLE_TESTABILITY = YES;
				ENABLE_USER_SCRIPT_SANDBOXING = YES;
				GCC_C_LANGUAGE_STANDARD = gnu17;
				GCC_DYNAMIC_NO_PIC = NO;
				GCC_NO_COMMON_BLOCKS = YES;
				GCC_OPTIMIZATION_LEVEL = 0;
				GCC_PREPROCESSOR_DEFINITIONS = (
					"DEBUG=1",
					"$(inherited)",
				);
				GCC_WARN_64_TO_32_BIT_CONVERSION = YES;
				GCC_WARN_ABOUT_RETURN_TYPE = YES_ERROR;
				GCC_WARN_UNDECLARED_SELECTOR = YES;
				GCC_WARN_UNINITIALIZED_AUTOS = YES_AGGRESSIVE;
				GCC_WARN_UNUSED_FUNCTION = YES;
				GCC_WARN_UNUSED_VARIABLE = YES;
				IPHONEOS_DEPLOYMENT_TARGET = 26.0;
				LOCALIZATION_PREFERS_STRING_CATALOGS = YES;
				MTL_ENABLE_DEBUG_INFO = INCLUDE_SOURCE;
				MTL_FAST_MATH = YES;
				ONLY_ACTIVE_ARCH = YES;
				SDKROOT = iphoneos;
				SWIFT_ACTIVE_COMPILATION_CONDITIONS = "DEBUG $(inherited)";
				SWIFT_OPTIMIZATION_LEVEL = "-Onone";
			};
			name = Debug;
		};
		F008000002 /* Release configuration for PBXProject "BeautyHQ" */ = {
			isa = XCBuildConfiguration;
			buildSettings = {
				ALWAYS_SEARCH_USER_PATHS = NO;
				ASSETCATALOG_COMPILER_GENERATE_SWIFT_ASSET_SYMBOL_EXTENSIONS = YES;
				CLANG_ANALYZER_NONNULL = YES;
				CLANG_ANALYZER_NUMBER_OBJECT_CONVERSION = YES_AGGRESSIVE;
				CLANG_CXX_LANGUAGE_STANDARD = "gnu++20";
				CLANG_ENABLE_MODULES = YES;
				CLANG_ENABLE_OBJC_ARC = YES;
				CLANG_ENABLE_OBJC_WEAK = YES;
				CLANG_WARN_BLOCK_CAPTURE_AUTORELEASING = YES;
				CLANG_WARN_BOOL_CONVERSION = YES;
				CLANG_WARN_COMMA = YES;
				CLANG_WARN_CONSTANT_CONVERSION = YES;
				CLANG_WARN_DEPRECATED_OBJC_IMPLEMENTATIONS = YES;
				CLANG_WARN_DIRECT_OBJC_ISA_USAGE = YES_ERROR;
				CLANG_WARN_DOCUMENTATION_COMMENTS = YES;
				CLANG_WARN_EMPTY_BODY = YES;
				CLANG_WARN_ENUM_CONVERSION = YES;
				CLANG_WARN_INFINITE_RECURSION = YES;
				CLANG_WARN_INT_CONVERSION = YES;
				CLANG_WARN_NON_LITERAL_NULL_CONVERSION = YES;
				CLANG_WARN_OBJC_IMPLICIT_RETAIN_SELF = YES;
				CLANG_WARN_OBJC_LITERAL_CONVERSION = YES;
				CLANG_WARN_OBJC_ROOT_CLASS = YES_ERROR;
				CLANG_WARN_QUOTED_INCLUDE_IN_FRAMEWORK_HEADER = YES;
				CLANG_WARN_RANGE_LOOP_ANALYSIS = YES;
				CLANG_WARN_STRICT_PROTOTYPES = YES;
				CLANG_WARN_SUSPICIOUS_MOVE = YES;
				CLANG_WARN_UNGUARDED_AVAILABILITY = YES_AGGRESSIVE;
				CLANG_WARN_UNREACHABLE_CODE = YES;
				CLANG_WARN__DUPLICATE_METHOD_MATCH = YES;
				COPY_PHASE_STRIP = NO;
				DEBUG_INFORMATION_FORMAT = "dwarf-with-dsym";
				ENABLE_NS_ASSERTIONS = NO;
				ENABLE_STRICT_OBJC_MSGSEND = YES;
				ENABLE_USER_SCRIPT_SANDBOXING = YES;
				GCC_C_LANGUAGE_STANDARD = gnu17;
				GCC_NO_COMMON_BLOCKS = YES;
				GCC_WARN_64_TO_32_BIT_CONVERSION = YES;
				GCC_WARN_ABOUT_RETURN_TYPE = YES_ERROR;
				GCC_WARN_UNDECLARED_SELECTOR = YES;
				GCC_WARN_UNINITIALIZED_AUTOS = YES_AGGRESSIVE;
				GCC_WARN_UNUSED_FUNCTION = YES;
				GCC_WARN_UNUSED_VARIABLE = YES;
				IPHONEOS_DEPLOYMENT_TARGET = 26.0;
				LOCALIZATION_PREFERS_STRING_CATALOGS = YES;
				MTL_ENABLE_DEBUG_INFO = NO;
				MTL_FAST_MATH = YES;
				SDKROOT = iphoneos;
				SWIFT_COMPILATION_MODE = wholemodule;
				VALIDATE_PRODUCT = YES;
			};
			name = Release;
		};
		F008000003 /* Debug configuration for PBXNativeTarget "BeautyHQ" */ = {
			isa = XCBuildConfiguration;
			buildSettings = {
				ASSETCATALOG_COMPILER_APPICON_NAME = AppIcon;
				ASSETCATALOG_COMPILER_GLOBAL_ACCENT_COLOR_NAME = AccentColor;
				CODE_SIGN_STYLE = Automatic;
				CURRENT_PROJECT_VERSION = 3;
				DEVELOPMENT_ASSET_PATHS = "";
				DEVELOPMENT_TEAM = VKPMTL7RAU;
				ENABLE_PREVIEWS = YES;
				GENERATE_INFOPLIST_FILE = NO;
				INFOPLIST_FILE = BeautyHQ/Info.plist;
				INFOPLIST_KEY_UIApplicationSceneManifest_Generation = YES;
				INFOPLIST_KEY_UIApplicationSupportsIndirectInputEvents = YES;
				INFOPLIST_KEY_UILaunchScreen_Generation = YES;
				INFOPLIST_KEY_UISupportedInterfaceOrientations_iPad = "UIInterfaceOrientationPortrait UIInterfaceOrientationPortraitUpsideDown UIInterfaceOrientationLandscapeLeft UIInterfaceOrientationLandscapeRight";
				INFOPLIST_KEY_UISupportedInterfaceOrientations_iPhone = "UIInterfaceOrientationPortrait UIInterfaceOrientationLandscapeLeft UIInterfaceOrientationLandscapeRight";
				IPHONEOS_DEPLOYMENT_TARGET = 26.0;
				LD_RUNPATH_SEARCH_PATHS = (
					"$(inherited)",
					"@executable_path/Frameworks",
				);
				MARKETING_VERSION = 1.0;
				PRODUCT_BUNDLE_IDENTIFIER = com.beautyhq.app;
				PRODUCT_NAME = "$(TARGET_NAME)";
				SWIFT_EMIT_LOC_STRINGS = YES;
				SWIFT_VERSION = 5.0;
				TARGETED_DEVICE_FAMILY = "1,2";
			};
			name = Debug;
		};
		F008000004 /* Release configuration for PBXNativeTarget "BeautyHQ" */ = {
			isa = XCBuildConfiguration;
			buildSettings = {
				ASSETCATALOG_COMPILER_APPICON_NAME = AppIcon;
				ASSETCATALOG_COMPILER_GLOBAL_ACCENT_COLOR_NAME = AccentColor;
				CODE_SIGN_STYLE = Automatic;
				CURRENT_PROJECT_VERSION = 3;
				DEVELOPMENT_ASSET_PATHS = "";
				DEVELOPMENT_TEAM = VKPMTL7RAU;
				ENABLE_PREVIEWS = YES;
				GENERATE_INFOPLIST_FILE = NO;
				INFOPLIST_FILE = BeautyHQ/Info.plist;
				INFOPLIST_KEY_UIApplicationSceneManifest_Generation = YES;
				INFOPLIST_KEY_UIApplicationSupportsIndirectInputEvents = YES;
				INFOPLIST_KEY_UILaunchScreen_Generation = YES;
				INFOPLIST_KEY_UISupportedInterfaceOrientations_iPad = "UIInterfaceOrientationPortrait UIInterfaceOrientationPortraitUpsideDown UIInterfaceOrientationLandscapeLeft UIInterfaceOrientationLandscapeRight";
				INFOPLIST_KEY_UISupportedInterfaceOrientations_iPhone = "UIInterfaceOrientationPortrait UIInterfaceOrientationLandscapeLeft UIInterfaceOrientationLandscapeRight";
				IPHONEOS_DEPLOYMENT_TARGET = 26.0;
				LD_RUNPATH_SEARCH_PATHS = (
					"$(inherited)",
					"@executable_path/Frameworks",
				);
				MARKETING_VERSION = 1.0;
				PRODUCT_BUNDLE_IDENTIFIER = com.beautyhq.app;
				PRODUCT_NAME = "$(TARGET_NAME)";
				SWIFT_EMIT_LOC_STRINGS = YES;
				SWIFT_VERSION = 5.0;
				TARGETED_DEVICE_FAMILY = "1,2";
			};
			name = Release;
		};
/* End XCBuildConfiguration section */

/* Begin XCConfigurationList section */
		F007000001 /* Build configuration list for PBXProject "BeautyHQ" */ = {
			isa = XCConfigurationList;
			buildConfigurations = (
				F008000001 /* Debug configuration for PBXProject "BeautyHQ" */,
				F008000002 /* Release configuration for PBXProject "BeautyHQ" */,
			);
			defaultConfigurationName = Release;
		};
		F007000002 /* Build configuration list for PBXNativeTarget "BeautyHQ" */ = {
			isa = XCConfigurationList;
			buildConfigurations = (
				F008000003 /* Debug configuration for PBXNativeTarget "BeautyHQ" */,
				F008000004 /* Release configuration for PBXNativeTarget "BeautyHQ" */,
			);
			defaultConfigurationName = Release;
		};
/* End XCConfigurationList section */

/* Begin XCRemoteSwiftPackageReference section */
		978EC1802F01A3BB00E2D3CE /* XCRemoteSwiftPackageReference "stripe-ios" */ = {
			isa = XCRemoteSwiftPackageReference;
			repositoryURL = "https://github.com/stripe/stripe-ios";
			requirement = {
				kind = upToNextMajorVersion;
				minimumVersion = 25.3.1;
			};
		};
/* End XCRemoteSwiftPackageReference section */

/* Begin XCSwiftPackageProductDependency section */
		978EC1812F01A3BB00E2D3CE /* StripePaymentSheet */ = {
			isa = XCSwiftPackageProductDependency;
			package = 978EC1802F01A3BB00E2D3CE /* XCRemoteSwiftPackageReference "stripe-ios" */;
			productName = StripePaymentSheet;
		};
/* End XCSwiftPackageProductDependency section */
	};
	rootObject = F005000002 /* Project object */;
}
